
Microsoft Visual Studio Solution File, Format Version 12.00
# Visual Studio Version 16
VisualStudioVersion = 16.0.32602.291
MinimumVisualStudioVersion = 10.0.40219.1
Project("{FAE04EC0-301F-11D3-BF4B-00C04F79EFBC}") = "Doruk-Software Developer Project", "Doruk-Software Developer Project\Doruk-Software Developer Project.csproj", "{0E060A59-1C75-4371-B2F3-66D84BBB849A}"
EndProject
Global
	GlobalSection(SolutionConfigurationPlatforms) = preSolution
		Debug|Any CPU = Debug|Any CPU
		Release|Any CPU = Release|Any CPU
	EndGlobalSection
	GlobalSection(ProjectConfigurationPlatforms) = postSolution
		{0E060A59-1C75-4371-B2F3-66D84BBB849A}.Debug|Any CPU.ActiveCfg = Debug|Any CPU
		{0E060A59-1C75-4371-B2F3-66D84BBB849A}.Debug|Any CPU.Build.0 = Debug|Any CPU
		{0E060A59-1C75-4371-B2F3-66D84BBB849A}.Release|Any CPU.ActiveCfg = Release|Any CPU
		{0E060A59-1C75-4371-B2F3-66D84BBB849A}.Release|Any CPU.Build.0 = Release|Any CPU
	EndGlobalSection
	GlobalSection(SolutionProperties) = preSolution
		HideSolutionNode = FALSE
	EndGlobalSection
	GlobalSection(ExtensibilityGlobals) = postSolution
		SolutionGuid = {421524B5-9607-47D2-80A0-78BC4586BB3D}
	EndGlobalSection
EndGlobal
